
Microsoft Visual Studio Solution File, Format Version 12.00
# Visual Studio 15
VisualStudioVersion = 15.0.27004.2009
MinimumVisualStudioVersion = 10.0.40219.1
Project("{FAE04EC0-301F-11D3-BF4B-00C04F79EFBC}") = "Notebook v3", "Notebook v3\Notebook v3.csproj", "{A54D722A-8DA5-4371-A5F6-202E7FBB3B35}"
EndProject
Project("{FAE04EC0-301F-11D3-BF4B-00C04F79EFBC}") = "Notebook.Interfaces", "Notebook.Interfaces\Notebook.Interfaces.csproj", "{39B7084C-99DF-4426-B0DB-99F4C6246D2F}"
EndProject
Project("{FAE04EC0-301F-11D3-BF4B-00C04F79EFBC}") = "Notebook.Impl", "Notebook.Impl\Notebook.Impl.csproj", "{183E12EC-BD0A-4FAF-9F14-3D72E633CF66}"
EndProject
Project("{FAE04EC0-301F-11D3-BF4B-00C04F79EFBC}") = "VCard", "VCard\VCard.csproj", "{07D02F4D-EF0F-4BEA-AA12-3BB9AEF73E12}"
EndProject
Global
	GlobalSection(SolutionConfigurationPlatforms) = preSolution
		Debug|Any CPU = Debug|Any CPU
		Release|Any CPU = Release|Any CPU
	EndGlobalSection
	GlobalSection(ProjectConfigurationPlatforms) = postSolution
		{A54D722A-8DA5-4371-A5F6-202E7FBB3B35}.Debug|Any CPU.ActiveCfg = Debug|Any CPU
		{A54D722A-8DA5-4371-A5F6-202E7FBB3B35}.Debug|Any CPU.Build.0 = Debug|Any CPU
		{A54D722A-8DA5-4371-A5F6-202E7FBB3B35}.Release|Any CPU.ActiveCfg = Release|Any CPU
		{A54D722A-8DA5-4371-A5F6-202E7FBB3B35}.Release|Any CPU.Build.0 = Release|Any CPU
		{39B7084C-99DF-4426-B0DB-99F4C6246D2F}.Debug|Any CPU.ActiveCfg = Debug|Any CPU
		{39B7084C-99DF-4426-B0DB-99F4C6246D2F}.Debug|Any CPU.Build.0 = Debug|Any CPU
		{39B7084C-99DF-4426-B0DB-99F4C6246D2F}.Release|Any CPU.ActiveCfg = Release|Any CPU
		{39B7084C-99DF-4426-B0DB-99F4C6246D2F}.Release|Any CPU.Build.0 = Release|Any CPU
		{183E12EC-BD0A-4FAF-9F14-3D72E633CF66}.Debug|Any CPU.ActiveCfg = Debug|Any CPU
		{183E12EC-BD0A-4FAF-9F14-3D72E633CF66}.Debug|Any CPU.Build.0 = Debug|Any CPU
		{183E12EC-BD0A-4FAF-9F14-3D72E633CF66}.Release|Any CPU.ActiveCfg = Release|Any CPU
		{183E12EC-BD0A-4FAF-9F14-3D72E633CF66}.Release|Any CPU.Build.0 = Release|Any CPU
		{07D02F4D-EF0F-4BEA-AA12-3BB9AEF73E12}.Debug|Any CPU.ActiveCfg = Debug|Any CPU
		{07D02F4D-EF0F-4BEA-AA12-3BB9AEF73E12}.Debug|Any CPU.Build.0 = Debug|Any CPU
		{07D02F4D-EF0F-4BEA-AA12-3BB9AEF73E12}.Release|Any CPU.ActiveCfg = Release|Any CPU
		{07D02F4D-EF0F-4BEA-AA12-3BB9AEF73E12}.Release|Any CPU.Build.0 = Release|Any CPU
	EndGlobalSection
	GlobalSection(SolutionProperties) = preSolution
		HideSolutionNode = FALSE
	EndGlobalSection
	GlobalSection(ExtensibilityGlobals) = postSolution
		SolutionGuid = {EDD9A37E-EED7-419A-A401-08D5D93C844A}
	EndGlobalSection
EndGlobal
